
Microsoft Visual Studio Solution File, Format Version 12.00
# Visual Studio Version 16
VisualStudioVersion = 16.0.31911.196
MinimumVisualStudioVersion = 10.0.40219.1
Project("{FAE04EC0-301F-11D3-BF4B-00C04F79EFBC}") = "Buying and Discounted Inventory", "Buying and Discounted Inventory.csproj", "{428FA937-A023-4FEC-B2ED-BBBA33DE668E}"
EndProject
Global
	GlobalSection(SolutionConfigurationPlatforms) = preSolution
		Debug|Any CPU = Debug|Any CPU
		Release|Any CPU = Release|Any CPU
	EndGlobalSection
	GlobalSection(ProjectConfigurationPlatforms) = postSolution
		{428FA937-A023-4FEC-B2ED-BBBA33DE668E}.Debug|Any CPU.ActiveCfg = Debug|Any CPU
		{428FA937-A023-4FEC-B2ED-BBBA33DE668E}.Debug|Any CPU.Build.0 = Debug|Any CPU
		{428FA937-A023-4FEC-B2ED-BBBA33DE668E}.Release|Any CPU.ActiveCfg = Release|Any CPU
		{428FA937-A023-4FEC-B2ED-BBBA33DE668E}.Release|Any CPU.Build.0 = Release|Any CPU
	EndGlobalSection
	GlobalSection(SolutionProperties) = preSolution
		HideSolutionNode = FALSE
	EndGlobalSection
	GlobalSection(ExtensibilityGlobals) = postSolution
		SolutionGuid = {BE68DCF7-60CF-4B14-8344-1A78A13AFFBC}
	EndGlobalSection
EndGlobal
