
Microsoft Visual Studio Solution File, Format Version 12.00
# Visual Studio Version 17
VisualStudioVersion = 17.4.33213.308
MinimumVisualStudioVersion = 10.0.40219.1
Project("{FAE04EC0-301F-11D3-BF4B-00C04F79EFBC}") = "The Password Validator", "The Password Validator\The Password Validator.csproj", "{28215484-CE7A-4633-99CF-3453838EA386}"
EndProject
Global
	GlobalSection(SolutionConfigurationPlatforms) = preSolution
		Debug|Any CPU = Debug|Any CPU
		Release|Any CPU = Release|Any CPU
	EndGlobalSection
	GlobalSection(ProjectConfigurationPlatforms) = postSolution
		{28215484-CE7A-4633-99CF-3453838EA386}.Debug|Any CPU.ActiveCfg = Debug|Any CPU
		{28215484-CE7A-4633-99CF-3453838EA386}.Debug|Any CPU.Build.0 = Debug|Any CPU
		{28215484-CE7A-4633-99CF-3453838EA386}.Release|Any CPU.ActiveCfg = Release|Any CPU
		{28215484-CE7A-4633-99CF-3453838EA386}.Release|Any CPU.Build.0 = Release|Any CPU
	EndGlobalSection
	GlobalSection(SolutionProperties) = preSolution
		HideSolutionNode = FALSE
	EndGlobalSection
	GlobalSection(ExtensibilityGlobals) = postSolution
		SolutionGuid = {AD04894E-9970-4ADD-995C-48BD732E66B5}
	EndGlobalSection
EndGlobal
