
Microsoft Visual Studio Solution File, Format Version 12.00
# Visual Studio Version 17
VisualStudioVersion = 17.4.33213.308
MinimumVisualStudioVersion = 10.0.40219.1
Project("{FAE04EC0-301F-11D3-BF4B-00C04F79EFBC}") = "The Point", "The Point\The Point.csproj", "{31F77CAC-95BE-48F9-9F79-158254981065}"
EndProject
Global
	GlobalSection(SolutionConfigurationPlatforms) = preSolution
		Debug|Any CPU = Debug|Any CPU
		Release|Any CPU = Release|Any CPU
	EndGlobalSection
	GlobalSection(ProjectConfigurationPlatforms) = postSolution
		{31F77CAC-95BE-48F9-9F79-158254981065}.Debug|Any CPU.ActiveCfg = Debug|Any CPU
		{31F77CAC-95BE-48F9-9F79-158254981065}.Debug|Any CPU.Build.0 = Debug|Any CPU
		{31F77CAC-95BE-48F9-9F79-158254981065}.Release|Any CPU.ActiveCfg = Release|Any CPU
		{31F77CAC-95BE-48F9-9F79-158254981065}.Release|Any CPU.Build.0 = Release|Any CPU
	EndGlobalSection
	GlobalSection(SolutionProperties) = preSolution
		HideSolutionNode = FALSE
	EndGlobalSection
	GlobalSection(ExtensibilityGlobals) = postSolution
		SolutionGuid = {E2D18D39-AD96-46FC-990A-42EDCA066E11}
	EndGlobalSection
EndGlobal
