
Microsoft Visual Studio Solution File, Format Version 12.00
# Visual Studio Version 17
VisualStudioVersion = 17.4.33213.308
MinimumVisualStudioVersion = 10.0.40219.1
Project("{FAE04EC0-301F-11D3-BF4B-00C04F79EFBC}") = "The Card", "The Card\The Card.csproj", "{AAD36F18-8FD4-4D97-8E5E-6CD74FB3DFE1}"
EndProject
Global
	GlobalSection(SolutionConfigurationPlatforms) = preSolution
		Debug|Any CPU = Debug|Any CPU
		Release|Any CPU = Release|Any CPU
	EndGlobalSection
	GlobalSection(ProjectConfigurationPlatforms) = postSolution
		{AAD36F18-8FD4-4D97-8E5E-6CD74FB3DFE1}.Debug|Any CPU.ActiveCfg = Debug|Any CPU
		{AAD36F18-8FD4-4D97-8E5E-6CD74FB3DFE1}.Debug|Any CPU.Build.0 = Debug|Any CPU
		{AAD36F18-8FD4-4D97-8E5E-6CD74FB3DFE1}.Release|Any CPU.ActiveCfg = Release|Any CPU
		{AAD36F18-8FD4-4D97-8E5E-6CD74FB3DFE1}.Release|Any CPU.Build.0 = Release|Any CPU
	EndGlobalSection
	GlobalSection(SolutionProperties) = preSolution
		HideSolutionNode = FALSE
	EndGlobalSection
	GlobalSection(ExtensibilityGlobals) = postSolution
		SolutionGuid = {9810576B-CB0D-41D0-8623-0407FCC01394}
	EndGlobalSection
EndGlobal
