
Microsoft Visual Studio Solution File, Format Version 12.00
# Visual Studio Version 17
VisualStudioVersion = 17.4.33213.308
MinimumVisualStudioVersion = 10.0.40219.1
Project("{FAE04EC0-301F-11D3-BF4B-00C04F79EFBC}") = "Colored Items", "Colored Items\Colored Items.csproj", "{199B1609-77A6-43A2-AA7D-7FC860675ADF}"
EndProject
Global
	GlobalSection(SolutionConfigurationPlatforms) = preSolution
		Debug|Any CPU = Debug|Any CPU
		Release|Any CPU = Release|Any CPU
	EndGlobalSection
	GlobalSection(ProjectConfigurationPlatforms) = postSolution
		{199B1609-77A6-43A2-AA7D-7FC860675ADF}.Debug|Any CPU.ActiveCfg = Debug|Any CPU
		{199B1609-77A6-43A2-AA7D-7FC860675ADF}.Debug|Any CPU.Build.0 = Debug|Any CPU
		{199B1609-77A6-43A2-AA7D-7FC860675ADF}.Release|Any CPU.ActiveCfg = Release|Any CPU
		{199B1609-77A6-43A2-AA7D-7FC860675ADF}.Release|Any CPU.Build.0 = Release|Any CPU
	EndGlobalSection
	GlobalSection(SolutionProperties) = preSolution
		HideSolutionNode = FALSE
	EndGlobalSection
	GlobalSection(ExtensibilityGlobals) = postSolution
		SolutionGuid = {659025C2-4E77-441C-8D9F-A48BD9D47D6E}
	EndGlobalSection
EndGlobal
