
Microsoft Visual Studio Solution File, Format Version 12.00
# Visual Studio Version 16
VisualStudioVersion = 16.0.31911.196
MinimumVisualStudioVersion = 10.0.40219.1
Project("{FAE04EC0-301F-11D3-BF4B-00C04F79EFBC}") = "TheTriangleFarmer", "TheTriangleFarmer.csproj", "{EC04B8E2-5D2C-4F03-AA2B-D85F9EB52CD5}"
EndProject
Global
	GlobalSection(SolutionConfigurationPlatforms) = preSolution
		Debug|Any CPU = Debug|Any CPU
		Release|Any CPU = Release|Any CPU
	EndGlobalSection
	GlobalSection(ProjectConfigurationPlatforms) = postSolution
		{EC04B8E2-5D2C-4F03-AA2B-D85F9EB52CD5}.Debug|Any CPU.ActiveCfg = Debug|Any CPU
		{EC04B8E2-5D2C-4F03-AA2B-D85F9EB52CD5}.Debug|Any CPU.Build.0 = Debug|Any CPU
		{EC04B8E2-5D2C-4F03-AA2B-D85F9EB52CD5}.Release|Any CPU.ActiveCfg = Release|Any CPU
		{EC04B8E2-5D2C-4F03-AA2B-D85F9EB52CD5}.Release|Any CPU.Build.0 = Release|Any CPU
	EndGlobalSection
	GlobalSection(SolutionProperties) = preSolution
		HideSolutionNode = FALSE
	EndGlobalSection
	GlobalSection(ExtensibilityGlobals) = postSolution
		SolutionGuid = {AAF41FF5-AC16-4A7C-85A3-6D24FC27ED24}
	EndGlobalSection
EndGlobal
