
Microsoft Visual Studio Solution File, Format Version 12.00
# Visual Studio Version 17
VisualStudioVersion = 17.4.33213.308
MinimumVisualStudioVersion = 10.0.40219.1
Project("{FAE04EC0-301F-11D3-BF4B-00C04F79EFBC}") = "Labeling Inventory", "Labeling Inventory\Labeling Inventory.csproj", "{F6A89122-6465-4203-ADA1-BF40C2E3C380}"
EndProject
Global
	GlobalSection(SolutionConfigurationPlatforms) = preSolution
		Debug|Any CPU = Debug|Any CPU
		Release|Any CPU = Release|Any CPU
	EndGlobalSection
	GlobalSection(ProjectConfigurationPlatforms) = postSolution
		{F6A89122-6465-4203-ADA1-BF40C2E3C380}.Debug|Any CPU.ActiveCfg = Debug|Any CPU
		{F6A89122-6465-4203-ADA1-BF40C2E3C380}.Debug|Any CPU.Build.0 = Debug|Any CPU
		{F6A89122-6465-4203-ADA1-BF40C2E3C380}.Release|Any CPU.ActiveCfg = Release|Any CPU
		{F6A89122-6465-4203-ADA1-BF40C2E3C380}.Release|Any CPU.Build.0 = Release|Any CPU
	EndGlobalSection
	GlobalSection(SolutionProperties) = preSolution
		HideSolutionNode = FALSE
	EndGlobalSection
	GlobalSection(ExtensibilityGlobals) = postSolution
		SolutionGuid = {258FB95C-C759-4014-A66E-0798FEE867EC}
	EndGlobalSection
EndGlobal
